// !$*UTF8*$!
{
	archiveVersion = 1;
	classes = {
	};
	objectVersion = 55;
	objects = {

/* Begin PBXBuildFile section */
		A81B696C289E227C0069B22B /* CalorieTrackerApp.swift in Sources */ = {isa = PBXBuildFile; fileRef = A81B696B289E227C0069B22B /* CalorieTrackerApp.swift */; };
		A81B696E289E227C0069B22B /* ContentView.swift in Sources */ = {isa = PBXBuildFile; fileRef = A81B696D289E227C0069B22B /* ContentView.swift */; };
		A81B6970289E227E0069B22B /* Assets.xcassets in Resources */ = {isa = PBXBuildFile; fileRef = A81B696F289E227E0069B22B /* Assets.xcassets */; };
		A81B6973289E227E0069B22B /* Preview Assets.xcassets in Resources */ = {isa = PBXBuildFile; fileRef = A81B6972289E227E0069B22B /* Preview Assets.xcassets */; };
		A8B038BE28A475E700C2DEAD /* Database.swift in Sources */ = {isa = PBXBuildFile; fileRef = A8B038BD28A475E700C2DEAD /* Database.swift */; };
		A8B038EA28A49CD400C2DEAD /* Food.swift in Sources */ = {isa = PBXBuildFile; fileRef = A8B038E928A49CD400C2DEAD /* Food.swift */; };
		A8B038EC28A58EF800C2DEAD /* FoodList.swift in Sources */ = {isa = PBXBuildFile; fileRef = A8B038EB28A58EF800C2DEAD /* FoodList.swift */; };
		A8B038F028A755C200C2DEAD /* ContentView+ViewModel.swift in Sources */ = {isa = PBXBuildFile; fileRef = A8B038EF28A755C200C2DEAD /* ContentView+ViewModel.swift */; };
		A8B038F128A7618900C2DEAD /* Pods_CalorieTracker.framework in Frameworks */ = {isa = PBXBuildFile; fileRef = 8908413BBF87B02E17320070 /* Pods_CalorieTracker.framework */; };
		A8B038F228A7618900C2DEAD /* Pods_CalorieTracker.framework in Embed Frameworks */ = {isa = PBXBuildFile; fileRef = 8908413BBF87B02E17320070 /* Pods_CalorieTracker.framework */; settings = {ATTRIBUTES = (CodeSignOnCopy, RemoveHeadersOnCopy, ); }; };
/* End PBXBuildFile section */

/* Begin PBXCopyFilesBuildPhase section */
		A8B038E728A4924600C2DEAD /* Embed Frameworks */ = {
			isa = PBXCopyFilesBuildPhase;
			buildActionMask = 2147483647;
			dstPath = "";
			dstSubfolderSpec = 10;
			files = (
				A8B038F228A7618900C2DEAD /* Pods_CalorieTracker.framework in Embed Frameworks */,
			);
			name = "Embed Frameworks";
			runOnlyForDeploymentPostprocessing = 0;
		};
/* End PBXCopyFilesBuildPhase section */

/* Begin PBXFileReference section */
		30B92542C92F392C17CE8304 /* Pods-CalorieTracker.debug.xcconfig */ = {isa = PBXFileReference; includeInIndex = 1; lastKnownFileType = text.xcconfig; name = "Pods-CalorieTracker.debug.xcconfig"; path = "Target Support Files/Pods-CalorieTracker/Pods-CalorieTracker.debug.xcconfig"; sourceTree = "<group>"; };
		6D3BD4D65849AF7D43FEE3CA /* Pods-CalorieTracker.release.xcconfig */ = {isa = PBXFileReference; includeInIndex = 1; lastKnownFileType = text.xcconfig; name = "Pods-CalorieTracker.release.xcconfig"; path = "Target Support Files/Pods-CalorieTracker/Pods-CalorieTracker.release.xcconfig"; sourceTree = "<group>"; };
		8908413BBF87B02E17320070 /* Pods_CalorieTracker.framework */ = {isa = PBXFileReference; explicitFileType = wrapper.framework; includeInIndex = 0; path = Pods_CalorieTracker.framework; sourceTree = BUILT_PRODUCTS_DIR; };
		A81B6968289E227C0069B22B /* CalorieTracker.app */ = {isa = PBXFileReference; explicitFileType = wrapper.application; includeInIndex = 0; path = CalorieTracker.app; sourceTree = BUILT_PRODUCTS_DIR; };
		A81B696B289E227C0069B22B /* CalorieTrackerApp.swift */ = {isa = PBXFileReference; lastKnownFileType = sourcecode.swift; path = CalorieTrackerApp.swift; sourceTree = "<group>"; };
		A81B696D289E227C0069B22B /* ContentView.swift */ = {isa = PBXFileReference; lastKnownFileType = sourcecode.swift; path = ContentView.swift; sourceTree = "<group>"; };
		A81B696F289E227E0069B22B /* Assets.xcassets */ = {isa = PBXFileReference; lastKnownFileType = folder.assetcatalog; path = Assets.xcassets; sourceTree = "<group>"; };
		A81B6972289E227E0069B22B /* Preview Assets.xcassets */ = {isa = PBXFileReference; lastKnownFileType = folder.assetcatalog; path = "Preview Assets.xcassets"; sourceTree = "<group>"; };
		A8B038BD28A475E700C2DEAD /* Database.swift */ = {isa = PBXFileReference; lastKnownFileType = sourcecode.swift; path = Database.swift; sourceTree = "<group>"; };
		A8B038E928A49CD400C2DEAD /* Food.swift */ = {isa = PBXFileReference; lastKnownFileType = sourcecode.swift; path = Food.swift; sourceTree = "<group>"; };
		A8B038EB28A58EF800C2DEAD /* FoodList.swift */ = {isa = PBXFileReference; lastKnownFileType = sourcecode.swift; path = FoodList.swift; sourceTree = "<group>"; };
		A8B038EF28A755C200C2DEAD /* ContentView+ViewModel.swift */ = {isa = PBXFileReference; lastKnownFileType = sourcecode.swift; path = "ContentView+ViewModel.swift"; sourceTree = "<group>"; };
/* End PBXFileReference section */

/* Begin PBXFrameworksBuildPhase section */
		A81B6965289E227C0069B22B /* Frameworks */ = {
			isa = PBXFrameworksBuildPhase;
			buildActionMask = 2147483647;
			files = (
				A8B038F128A7618900C2DEAD /* Pods_CalorieTracker.framework in Frameworks */,
			);
			runOnlyForDeploymentPostprocessing = 0;
		};
/* End PBXFrameworksBuildPhase section */

/* Begin PBXGroup section */
		5891ED66785101183BBC262C /* Pods */ = {
			isa = PBXGroup;
			children = (
				30B92542C92F392C17CE8304 /* Pods-CalorieTracker.debug.xcconfig */,
				6D3BD4D65849AF7D43FEE3CA /* Pods-CalorieTracker.release.xcconfig */,
			);
			path = Pods;
			sourceTree = "<group>";
		};
		A81B695F289E227C0069B22B = {
			isa = PBXGroup;
			children = (
				A81B696A289E227C0069B22B /* CalorieTracker */,
				A81B6969289E227C0069B22B /* Products */,
				A8B038C728A491A200C2DEAD /* Frameworks */,
				5891ED66785101183BBC262C /* Pods */,
			);
			sourceTree = "<group>";
		};
		A81B6969289E227C0069B22B /* Products */ = {
			isa = PBXGroup;
			children = (
				A81B6968289E227C0069B22B /* CalorieTracker.app */,
			);
			name = Products;
			sourceTree = "<group>";
		};
		A81B696A289E227C0069B22B /* CalorieTracker */ = {
			isa = PBXGroup;
			children = (
				A81B696B289E227C0069B22B /* CalorieTrackerApp.swift */,
				A81B696D289E227C0069B22B /* ContentView.swift */,
				A8B038BD28A475E700C2DEAD /* Database.swift */,
				A8B038EF28A755C200C2DEAD /* ContentView+ViewModel.swift */,
				A8B038EB28A58EF800C2DEAD /* FoodList.swift */,
				A8B038E928A49CD400C2DEAD /* Food.swift */,
				A81B696F289E227E0069B22B /* Assets.xcassets */,
				A81B6971289E227E0069B22B /* Preview Content */,
			);
			path = CalorieTracker;
			sourceTree = "<group>";
		};
		A81B6971289E227E0069B22B /* Preview Content */ = {
			isa = PBXGroup;
			children = (
				A81B6972289E227E0069B22B /* Preview Assets.xcassets */,
			);
			path = "Preview Content";
			sourceTree = "<group>";
		};
		A8B038C728A491A200C2DEAD /* Frameworks */ = {
			isa = PBXGroup;
			children = (
				8908413BBF87B02E17320070 /* Pods_CalorieTracker.framework */,
			);
			name = Frameworks;
			sourceTree = "<group>";
		};
/* End PBXGroup section */

/* Begin PBXNativeTarget section */
		A81B6967289E227C0069B22B /* CalorieTracker */ = {
			isa = PBXNativeTarget;
			buildConfigurationList = A81B6976289E227E0069B22B /* Build configuration list for PBXNativeTarget "CalorieTracker" */;
			buildPhases = (
				A4BE53A048D019FEF64B92E5 /* [CP] Check Pods Manifest.lock */,
				A81B6964289E227C0069B22B /* Sources */,
				A81B6965289E227C0069B22B /* Frameworks */,
				A81B6966289E227C0069B22B /* Resources */,
				A8B038E728A4924600C2DEAD /* Embed Frameworks */,
				6E28A22F2E0CB1DDC4F63A48 /* [CP] Embed Pods Frameworks */,
			);
			buildRules = (
			);
			dependencies = (
			);
			name = CalorieTracker;
			productName = CalorieTracker;
			productReference = A81B6968289E227C0069B22B /* CalorieTracker.app */;
			productType = "com.apple.product-type.application";
		};
/* End PBXNativeTarget section */

/* Begin PBXProject section */
		A81B6960289E227C0069B22B /* Project object */ = {
			isa = PBXProject;
			attributes = {
				BuildIndependentTargetsInParallel = 1;
				LastSwiftUpdateCheck = 1340;
				LastUpgradeCheck = 1340;
				TargetAttributes = {
					A81B6967289E227C0069B22B = {
						CreatedOnToolsVersion = 13.4.1;
					};
				};
			};
			buildConfigurationList = A81B6963289E227C0069B22B /* Build configuration list for PBXProject "CalorieTracker" */;
			compatibilityVersion = "Xcode 13.0";
			developmentRegion = en;
			hasScannedForEncodings = 0;
			knownRegions = (
				en,
				Base,
			);
			mainGroup = A81B695F289E227C0069B22B;
			productRefGroup = A81B6969289E227C0069B22B /* Products */;
			projectDirPath = "";
			projectRoot = "";
			targets = (
				A81B6967289E227C0069B22B /* CalorieTracker */,
			);
		};
/* End PBXProject section */

/* Begin PBXResourcesBuildPhase section */
		A81B6966289E227C0069B22B /* Resources */ = {
			isa = PBXResourcesBuildPhase;
			buildActionMask = 2147483647;
			files = (
				A81B6973289E227E0069B22B /* Preview Assets.xcassets in Resources */,
				A81B6970289E227E0069B22B /* Assets.xcassets in Resources */,
			);
			runOnlyForDeploymentPostprocessing = 0;
		};
/* End PBXResourcesBuildPhase section */

/* Begin PBXShellScriptBuildPhase section */
		6E28A22F2E0CB1DDC4F63A48 /* [CP] Embed Pods Frameworks */ = {
			isa = PBXShellScriptBuildPhase;
			buildActionMask = 2147483647;
			files = (
			);
			inputFileListPaths = (
				"${PODS_ROOT}/Target Support Files/Pods-CalorieTracker/Pods-CalorieTracker-frameworks-${CONFIGURATION}-input-files.xcfilelist",
			);
			name = "[CP] Embed Pods Frameworks";
			outputFileListPaths = (
				"${PODS_ROOT}/Target Support Files/Pods-CalorieTracker/Pods-CalorieTracker-frameworks-${CONFIGURATION}-output-files.xcfilelist",
			);
			runOnlyForDeploymentPostprocessing = 0;
			shellPath = /bin/sh;
			shellScript = "\"${PODS_ROOT}/Target Support Files/Pods-CalorieTracker/Pods-CalorieTracker-frameworks.sh\"\n";
			showEnvVarsInLog = 0;
		};
		A4BE53A048D019FEF64B92E5 /* [CP] Check Pods Manifest.lock */ = {
			isa = PBXShellScriptBuildPhase;
			buildActionMask = 2147483647;
			files = (
			);
			inputFileListPaths = (
			);
			inputPaths = (
				"${PODS_PODFILE_DIR_PATH}/Podfile.lock",
				"${PODS_ROOT}/Manifest.lock",
			);
			name = "[CP] Check Pods Manifest.lock";
			outputFileListPaths = (
			);
			outputPaths = (
				"$(DERIVED_FILE_DIR)/Pods-CalorieTracker-checkManifestLockResult.txt",
			);
			runOnlyForDeploymentPostprocessing = 0;
			shellPath = /bin/sh;
			shellScript = "diff \"${PODS_PODFILE_DIR_PATH}/Podfile.lock\" \"${PODS_ROOT}/Manifest.lock\" > /dev/null\nif [ $? != 0 ] ; then\n    # print error to STDERR\n    echo \"error: The sandbox is not in sync with the Podfile.lock. Run 'pod install' or update your CocoaPods installation.\" >&2\n    exit 1\nfi\n# This output is used by Xcode 'outputs' to avoid re-running this script phase.\necho \"SUCCESS\" > \"${SCRIPT_OUTPUT_FILE_0}\"\n";
			showEnvVarsInLog = 0;
		};
/* End PBXShellScriptBuildPhase section */

/* Begin PBXSourcesBuildPhase section */
		A81B6964289E227C0069B22B /* Sources */ = {
			isa = PBXSourcesBuildPhase;
			buildActionMask = 2147483647;
			files = (
				A8B038BE28A475E700C2DEAD /* Database.swift in Sources */,
				A8B038EA28A49CD400C2DEAD /* Food.swift in Sources */,
				A81B696E289E227C0069B22B /* ContentView.swift in Sources */,
				A81B696C289E227C0069B22B /* CalorieTrackerApp.swift in Sources */,
				A8B038EC28A58EF800C2DEAD /* FoodList.swift in Sources */,
				A8B038F028A755C200C2DEAD /* ContentView+ViewModel.swift in Sources */,
			);
			runOnlyForDeploymentPostprocessing = 0;
		};
/* End PBXSourcesBuildPhase section */

/* Begin XCBuildConfiguration section */
		A81B6974289E227E0069B22B /* Debug */ = {
			isa = XCBuildConfiguration;
			buildSettings = {
				ALWAYS_SEARCH_USER_PATHS = NO;
				CLANG_ANALYZER_NONNULL = YES;
				CLANG_ANALYZER_NUMBER_OBJECT_CONVERSION = YES_AGGRESSIVE;
				CLANG_CXX_LANGUAGE_STANDARD = "gnu++17";
				CLANG_ENABLE_MODULES = YES;
				CLANG_ENABLE_OBJC_ARC = YES;
				CLANG_ENABLE_OBJC_WEAK = YES;
				CLANG_WARN_BLOCK_CAPTURE_AUTORELEASING = YES;
				CLANG_WARN_BOOL_CONVERSION = YES;
				CLANG_WARN_COMMA = YES;
				CLANG_WARN_CONSTANT_CONVERSION = YES;
				CLANG_WARN_DEPRECATED_OBJC_IMPLEMENTATIONS = YES;
				CLANG_WARN_DIRECT_OBJC_ISA_USAGE = YES_ERROR;
				CLANG_WARN_DOCUMENTATION_COMMENTS = YES;
				CLANG_WARN_EMPTY_BODY = YES;
				CLANG_WARN_ENUM_CONVERSION = YES;
				CLANG_WARN_INFINITE_RECURSION = YES;
				CLANG_WARN_INT_CONVERSION = YES;
				CLANG_WARN_NON_LITERAL_NULL_CONVERSION = YES;
				CLANG_WARN_OBJC_IMPLICIT_RETAIN_SELF = YES;
				CLANG_WARN_OBJC_LITERAL_CONVERSION = YES;
				CLANG_WARN_OBJC_ROOT_CLASS = YES_ERROR;
				CLANG_WARN_QUOTED_INCLUDE_IN_FRAMEWORK_HEADER = YES;
				CLANG_WARN_RANGE_LOOP_ANALYSIS = YES;
				CLANG_WARN_STRICT_PROTOTYPES = YES;
				CLANG_WARN_SUSPICIOUS_MOVE = YES;
				CLANG_WARN_UNGUARDED_AVAILABILITY = YES_AGGRESSIVE;
				CLANG_WARN_UNREACHABLE_CODE = YES;
				CLANG_WARN__DUPLICATE_METHOD_MATCH = YES;
				COPY_PHASE_STRIP = NO;
				DEBUG_INFORMATION_FORMAT = dwarf;
				ENABLE_STRICT_OBJC_MSGSEND = YES;
				ENABLE_TESTABILITY = YES;
				GCC_C_LANGUAGE_STANDARD = gnu11;
				GCC_DYNAMIC_NO_PIC = NO;
				GCC_NO_COMMON_BLOCKS = YES;
				GCC_OPTIMIZATION_LEVEL = 0;
				GCC_PREPROCESSOR_DEFINITIONS = (
					"DEBUG=1",
					"$(inherited)",
				);
				GCC_WARN_64_TO_32_BIT_CONVERSION = YES;
				GCC_WARN_ABOUT_RETURN_TYPE = YES_ERROR;
				GCC_WARN_UNDECLARED_SELECTOR = YES;
				GCC_WARN_UNINITIALIZED_AUTOS = YES_AGGRESSIVE;
				GCC_WARN_UNUSED_FUNCTION = YES;
				GCC_WARN_UNUSED_VARIABLE = YES;
				IPHONEOS_DEPLOYMENT_TARGET = 15.5;
				MTL_ENABLE_DEBUG_INFO = INCLUDE_SOURCE;
				MTL_FAST_MATH = YES;
				ONLY_ACTIVE_ARCH = YES;
				SDKROOT = iphoneos;
				SWIFT_ACTIVE_COMPILATION_CONDITIONS = DEBUG;
				SWIFT_OPTIMIZATION_LEVEL = "-Onone";
			};
			name = Debug;
		};
		A81B6975289E227E0069B22B /* Release */ = {
			isa = XCBuildConfiguration;
			buildSettings = {
				ALWAYS_SEARCH_USER_PATHS = NO;
				CLANG_ANALYZER_NONNULL = YES;
				CLANG_ANALYZER_NUMBER_OBJECT_CONVERSION = YES_AGGRESSIVE;
				CLANG_CXX_LANGUAGE_STANDARD = "gnu++17";
				CLANG_ENABLE_MODULES = YES;
				CLANG_ENABLE_OBJC_ARC = YES;
				CLANG_ENABLE_OBJC_WEAK = YES;
				CLANG_WARN_BLOCK_CAPTURE_AUTORELEASING = YES;
				CLANG_WARN_BOOL_CONVERSION = YES;
				CLANG_WARN_COMMA = YES;
				CLANG_WARN_CONSTANT_CONVERSION = YES;
				CLANG_WARN_DEPRECATED_OBJC_IMPLEMENTATIONS = YES;
				CLANG_WARN_DIRECT_OBJC_ISA_USAGE = YES_ERROR;
				CLANG_WARN_DOCUMENTATION_COMMENTS = YES;
				CLANG_WARN_EMPTY_BODY = YES;
				CLANG_WARN_ENUM_CONVERSION = YES;
				CLANG_WARN_INFINITE_RECURSION = YES;
				CLANG_WARN_INT_CONVERSION = YES;
				CLANG_WARN_NON_LITERAL_NULL_CONVERSION = YES;
				CLANG_WARN_OBJC_IMPLICIT_RETAIN_SELF = YES;
				CLANG_WARN_OBJC_LITERAL_CONVERSION = YES;
				CLANG_WARN_OBJC_ROOT_CLASS = YES_ERROR;
				CLANG_WARN_QUOTED_INCLUDE_IN_FRAMEWORK_HEADER = YES;
				CLANG_WARN_RANGE_LOOP_ANALYSIS = YES;
				CLANG_WARN_STRICT_PROTOTYPES = YES;
				CLANG_WARN_SUSPICIOUS_MOVE = YES;
				CLANG_WARN_UNGUARDED_AVAILABILITY = YES_AGGRESSIVE;
				CLANG_WARN_UNREACHABLE_CODE = YES;
				CLANG_WARN__DUPLICATE_METHOD_MATCH = YES;
				COPY_PHASE_STRIP = NO;
				DEBUG_INFORMATION_FORMAT = "dwarf-with-dsym";
				ENABLE_NS_ASSERTIONS = NO;
				ENABLE_STRICT_OBJC_MSGSEND = YES;
				GCC_C_LANGUAGE_STANDARD = gnu11;
				GCC_NO_COMMON_BLOCKS = YES;
				GCC_WARN_64_TO_32_BIT_CONVERSION = YES;
				GCC_WARN_ABOUT_RETURN_TYPE = YES_ERROR;
				GCC_WARN_UNDECLARED_SELECTOR = YES;
				GCC_WARN_UNINITIALIZED_AUTOS = YES_AGGRESSIVE;
				GCC_WARN_UNUSED_FUNCTION = YES;
				GCC_WARN_UNUSED_VARIABLE = YES;
				IPHONEOS_DEPLOYMENT_TARGET = 15.5;
				MTL_ENABLE_DEBUG_INFO = NO;
				MTL_FAST_MATH = YES;
				SDKROOT = iphoneos;
				SWIFT_COMPILATION_MODE = wholemodule;
				SWIFT_OPTIMIZATION_LEVEL = "-O";
				VALIDATE_PRODUCT = YES;
			};
			name = Release;
		};
		A81B6977289E227E0069B22B /* Debug */ = {
			isa = XCBuildConfiguration;
			baseConfigurationReference = 30B92542C92F392C17CE8304 /* Pods-CalorieTracker.debug.xcconfig */;
			buildSettings = {
				ASSETCATALOG_COMPILER_APPICON_NAME = AppIcon;
				ASSETCATALOG_COMPILER_GLOBAL_ACCENT_COLOR_NAME = AccentColor;
				CODE_SIGN_STYLE = Automatic;
				CURRENT_PROJECT_VERSION = 1;
				DEVELOPMENT_ASSET_PATHS = "\"CalorieTracker/Preview Content\"";
				DEVELOPMENT_TEAM = 63RR3W53RS;
				ENABLE_PREVIEWS = YES;
				GENERATE_INFOPLIST_FILE = YES;
				INFOPLIST_KEY_UIApplicationSceneManifest_Generation = YES;
				INFOPLIST_KEY_UIApplicationSupportsIndirectInputEvents = YES;
				INFOPLIST_KEY_UILaunchScreen_Generation = YES;
				INFOPLIST_KEY_UISupportedInterfaceOrientations_iPad = "UIInterfaceOrientationPortrait UIInterfaceOrientationPortraitUpsideDown UIInterfaceOrientationLandscapeLeft UIInterfaceOrientationLandscapeRight";
				INFOPLIST_KEY_UISupportedInterfaceOrientations_iPhone = "UIInterfaceOrientationPortrait UIInterfaceOrientationLandscapeLeft UIInterfaceOrientationLandscapeRight";
				LD_RUNPATH_SEARCH_PATHS = (
					"$(inherited)",
					"@executable_path/Frameworks",
				);
				MARKETING_VERSION = 1.0;
				PRODUCT_BUNDLE_IDENTIFIER = Tang.com.CalorieTracker;
				PRODUCT_NAME = "$(TARGET_NAME)";
				SWIFT_EMIT_LOC_STRINGS = YES;
				SWIFT_VERSION = 5.0;
				TARGETED_DEVICE_FAMILY = "1,2";
			};
			name = Debug;
		};
		A81B6978289E227E0069B22B /* Release */ = {
			isa = XCBuildConfiguration;
			baseConfigurationReference = 6D3BD4D65849AF7D43FEE3CA /* Pods-CalorieTracker.release.xcconfig */;
			buildSettings = {
				ASSETCATALOG_COMPILER_APPICON_NAME = AppIcon;
				ASSETCATALOG_COMPILER_GLOBAL_ACCENT_COLOR_NAME = AccentColor;
				CODE_SIGN_STYLE = Automatic;
				CURRENT_PROJECT_VERSION = 1;
				DEVELOPMENT_ASSET_PATHS = "\"CalorieTracker/Preview Content\"";
				DEVELOPMENT_TEAM = 63RR3W53RS;
				ENABLE_PREVIEWS = YES;
				GENERATE_INFOPLIST_FILE = YES;
				INFOPLIST_KEY_UIApplicationSceneManifest_Generation = YES;
				INFOPLIST_KEY_UIApplicationSupportsIndirectInputEvents = YES;
				INFOPLIST_KEY_UILaunchScreen_Generation = YES;
				INFOPLIST_KEY_UISupportedInterfaceOrientations_iPad = "UIInterfaceOrientationPortrait UIInterfaceOrientationPortraitUpsideDown UIInterfaceOrientationLandscapeLeft UIInterfaceOrientationLandscapeRight";
				INFOPLIST_KEY_UISupportedInterfaceOrientations_iPhone = "UIInterfaceOrientationPortrait UIInterfaceOrientationLandscapeLeft UIInterfaceOrientationLandscapeRight";
				LD_RUNPATH_SEARCH_PATHS = (
					"$(inherited)",
					"@executable_path/Frameworks",
				);
				MARKETING_VERSION = 1.0;
				PRODUCT_BUNDLE_IDENTIFIER = Tang.com.CalorieTracker;
				PRODUCT_NAME = "$(TARGET_NAME)";
				SWIFT_EMIT_LOC_STRINGS = YES;
				SWIFT_VERSION = 5.0;
				TARGETED_DEVICE_FAMILY = "1,2";
			};
			name = Release;
		};
/* End XCBuildConfiguration section */

/* Begin XCConfigurationList section */
		A81B6963289E227C0069B22B /* Build configuration list for PBXProject "CalorieTracker" */ = {
			isa = XCConfigurationList;
			buildConfigurations = (
				A81B6974289E227E0069B22B /* Debug */,
				A81B6975289E227E0069B22B /* Release */,
			);
			defaultConfigurationIsVisible = 0;
			defaultConfigurationName = Release;
		};
		A81B6976289E227E0069B22B /* Build configuration list for PBXNativeTarget "CalorieTracker" */ = {
			isa = XCConfigurationList;
			buildConfigurations = (
				A81B6977289E227E0069B22B /* Debug */,
				A81B6978289E227E0069B22B /* Release */,
			);
			defaultConfigurationIsVisible = 0;
			defaultConfigurationName = Release;
		};
/* End XCConfigurationList section */
	};
	rootObject = A81B6960289E227C0069B22B /* Project object */;
}
