PODS:
  - GRDB.swift (5.26.0):
    - GRDB.swift/standard (= 5.26.0)
  - GRDB.swift/standard (5.26.0)

DEPENDENCIES:
  - GRDB.swift

SPEC REPOS:
  trunk:
    - GRDB.swift

SPEC CHECKSUMS:
  GRDB.swift: 1395cb3556df6b16ed69dfc74c3886abc75d2825

PODFILE CHECKSUM: 221a08e6743739d47b40d98349be2ffe26116472

COCOAPODS: 1.11.3
